{
  "name": "bifrost-web",
  "version": "1.0.0",
  "lockfileVersion": 3,
  "requires": true,
  "packages": {
    "": {
      "name": "bifrost-web",
      "version": "1.0.0",
      "license": "MIT",
      "dependencies": {
        "@peculiar/certificates-viewer": "^3.10.1",
        "chota": "^0.9.2",
        "pkijs": "^3.0.15",
        "pvutils": "^1.1.3",
        "uuid": "^9.0.1"
      },
      "devDependencies": {
        "esbuild": "^0.19.5"
      }
    },
    "node_modules/@esbuild/darwin-arm64": {
      "version": "0.19.5",
      "resolved": "https://registry.npmjs.org/@esbuild/darwin-arm64/-/darwin-arm64-0.19.5.tgz",
      "integrity": "sha512-mvXGcKqqIqyKoxq26qEDPHJuBYUA5KizJncKOAf9eJQez+L9O+KfvNFu6nl7SCZ/gFb2QPaRqqmG0doSWlgkqw==",
      "cpu": [
        "arm64"
      ],
      "dev": true,
      "optional": true,
      "os": [
        "darwin"
      ],
      "engines": {
        "node": ">=12"
      }
    },
    "node_modules/@peculiar/asn1-adobe-acrobat": {
      "version": "2.3.6",
      "resolved": "https://registry.npmjs.org/@peculiar/asn1-adobe-acrobat/-/asn1-adobe-acrobat-2.3.6.tgz",
      "integrity": "sha512-LlB2agtJBvA9wkBhEovHk1ulmFkKYdzdCNvPRST9ZLYWBFjt01FVBFGpZTD5TCWyAEvg5mCl2SzJDNat97D69Q==",
      "dependencies": {
        "@peculiar/asn1-schema": "^2.3.6",
        "@peculiar/asn1-x509": "^2.3.6",
        "asn1js": "^3.0.5",
        "tslib": "^2.4.0"
      }
    },
    "node_modules/@peculiar/asn1-asym-key": {
      "version": "2.3.6",
      "resolved": "https://registry.npmjs.org/@peculiar/asn1-asym-key/-/asn1-asym-key-2.3.6.tgz",
      "integrity": "sha512-6gMofCUdCNkjtlSWr3/LtqAkrjpuCau1AhpcDBmwNx/cotf+0PG3dTMPW9cUuCaCNnjxnQLzDfY7S8Cvv0Soew==",
      "dependencies": {
        "@peculiar/asn1-pkcs8": "^2.3.6",
        "@peculiar/asn1-schema": "^2.3.6",
        "@peculiar/asn1-x509": "^2.3.6",
        "asn1js": "^3.0.5",
        "tslib": "^2.4.0"
      }
    },
    "node_modules/@peculiar/asn1-cert-transparency": {
      "version": "2.3.6",
      "resolved": "https://registry.npmjs.org/@peculiar/asn1-cert-transparency/-/asn1-cert-transparency-2.3.6.tgz",
      "integrity": "sha512-TQ+iUswpwPeIyvU4XTSBHU2q5IuMkXA2kAei89Apm7H9OAtVZz2qgvAU14JLNyxB2BErbjPK/mv8ywkllQ2Rgg==",
      "dependencies": {
        "@peculiar/asn1-schema": "^2.3.6",
        "asn1js": "^3.0.5",
        "pvtsutils": "^1.3.2",
        "tslib": "^2.4.0"
      }
    },
    "node_modules/@peculiar/asn1-cms": {
      "version": "2.3.6",
      "resolved": "https://registry.npmjs.org/@peculiar/asn1-cms/-/asn1-cms-2.3.6.tgz",
      "integrity": "sha512-Kr0XsyjuElTc4NijuPYyd6YkTlbz0KCuoWnNkfPFhXjHTzbUIh/s15ixjxLj8XDrXsI1aPQp3D64uHbrs3Kuyg==",
      "dependencies": {
        "@peculiar/asn1-schema": "^2.3.6",
        "@peculiar/asn1-x509": "^2.3.6",
        "@peculiar/asn1-x509-attr": "^2.3.6",
        "asn1js": "^3.0.5",
        "tslib": "^2.4.0"
      }
    },
    "node_modules/@peculiar/asn1-csr": {
      "version": "2.3.6",
      "resolved": "https://registry.npmjs.org/@peculiar/asn1-csr/-/asn1-csr-2.3.6.tgz",
      "integrity": "sha512-gCTEB/PvUxapmxo4SzGZT1JtEdevRnphRGZZmc9oJE7+pLuj2Px0Q6x+w8VvObfozA3pyPRTq+Wkocnu64+oLw==",
      "dependencies": {
        "@peculiar/asn1-schema": "^2.3.6",
        "@peculiar/asn1-x509": "^2.3.6",
        "asn1js": "^3.0.5",
        "tslib": "^2.4.0"
      }
    },
    "node_modules/@peculiar/asn1-ecc": {
      "version": "2.3.6",
      "resolved": "https://registry.npmjs.org/@peculiar/asn1-ecc/-/asn1-ecc-2.3.6.tgz",
      "integrity": "sha512-Hu1xzMJQWv8/GvzOiinaE6XiD1/kEhq2C/V89UEoWeZ2fLUcGNIvMxOr/pMyL0OmpRWj/mhCTXOZp4PP+a0aTg==",
      "dependencies": {
        "@peculiar/asn1-schema": "^2.3.6",
        "@peculiar/asn1-x509": "^2.3.6",
        "asn1js": "^3.0.5",
        "tslib": "^2.4.0"
      }
    },
    "node_modules/@peculiar/asn1-lei": {
      "version": "2.3.6",
      "resolved": "https://registry.npmjs.org/@peculiar/asn1-lei/-/asn1-lei-2.3.6.tgz",
      "integrity": "sha512-yHLD5TDfFeo5bOuVs4LLAYDO9Z/Ks1u7t/ne3ueFGH/zAf9Qc9Cvn3MXIhXGzXuhpQ2YYnH/ego6HST/sZc0Sw==",
      "dependencies": {
        "@peculiar/asn1-schema": "^2.3.6",
        "asn1js": "^3.0.5",
        "tslib": "^2.4.0"
      }
    },
    "node_modules/@peculiar/asn1-ntqwac": {
      "version": "2.3.6",
      "resolved": "https://registry.npmjs.org/@peculiar/asn1-ntqwac/-/asn1-ntqwac-2.3.6.tgz",
      "integrity": "sha512-NfLre8LdjXGDdm8ZH8R+EO7jf7LhdMv38zoRPbh1W79545Hxkj/A52QrqhpPcCxm1IeegXSHPNxURlFkIaz8Yg==",
      "dependencies": {
        "@peculiar/asn1-schema": "^2.3.6",
        "@peculiar/asn1-x509": "^2.3.6",
        "asn1js": "^3.0.5",
        "tslib": "^2.4.0"
      }
    },
    "node_modules/@peculiar/asn1-pfx": {
      "version": "2.3.6",
      "resolved": "https://registry.npmjs.org/@peculiar/asn1-pfx/-/asn1-pfx-2.3.6.tgz",
      "integrity": "sha512-bScrrpQ59mppcoZLkDEW/Wruu+daSWQxpR2vqGjg69+v7VoQ1Le/Elm10ObfNShV2eNNridNQcOQvsHMLvUOCg==",
      "dependencies": {
        "@peculiar/asn1-cms": "^2.3.6",
        "@peculiar/asn1-pkcs8": "^2.3.6",
        "@peculiar/asn1-rsa": "^2.3.6",
        "@peculiar/asn1-schema": "^2.3.6",
        "asn1js": "^3.0.5",
        "tslib": "^2.4.0"
      }
    },
    "node_modules/@peculiar/asn1-pkcs8": {
      "version": "2.3.6",
      "resolved": "https://registry.npmjs.org/@peculiar/asn1-pkcs8/-/asn1-pkcs8-2.3.6.tgz",
      "integrity": "sha512-poqgdjsHNiyR0gnxP8l5VjRInSgpQvOM3zLULF/ZQW67uUsEiuPfplvaNJUlNqNOCd2szGo9jKW9+JmVVpWojA==",
      "dependencies": {
        "@peculiar/asn1-schema": "^2.3.6",
        "@peculiar/asn1-x509": "^2.3.6",
        "asn1js": "^3.0.5",
        "tslib": "^2.4.0"
      }
    },
    "node_modules/@peculiar/asn1-pkcs9": {
      "version": "2.3.6",
      "resolved": "https://registry.npmjs.org/@peculiar/asn1-pkcs9/-/asn1-pkcs9-2.3.6.tgz",
      "integrity": "sha512-uaxSBF60glccuu5BEZvoPsaJzebVYcQRjXx2wXsGe7Grz/BXtq5RQAJ/3i9fEXawFK/zIbvbXBBpy07cnvrqhA==",
      "dependencies": {
        "@peculiar/asn1-cms": "^2.3.6",
        "@peculiar/asn1-pfx": "^2.3.6",
        "@peculiar/asn1-pkcs8": "^2.3.6",
        "@peculiar/asn1-schema": "^2.3.6",
        "@peculiar/asn1-x509": "^2.3.6",
        "@peculiar/asn1-x509-attr": "^2.3.6",
        "asn1js": "^3.0.5",
        "tslib": "^2.4.0"
      }
    },
    "node_modules/@peculiar/asn1-rfc8226": {
      "version": "2.3.6",
      "resolved": "https://registry.npmjs.org/@peculiar/asn1-rfc8226/-/asn1-rfc8226-2.3.6.tgz",
      "integrity": "sha512-DqdhQds3vKLGrelT+3vit6LGdW97a9G0qYKuAkMJL/HR7doBUt55OEZlcd0AwDL/nwElAtOLrn5w/b0xjga5kw==",
      "dependencies": {
        "@peculiar/asn1-schema": "^2.3.6",
        "asn1js": "^3.0.5",
        "tslib": "^2.4.0"
      }
    },
    "node_modules/@peculiar/asn1-rsa": {
      "version": "2.3.6",
      "resolved": "https://registry.npmjs.org/@peculiar/asn1-rsa/-/asn1-rsa-2.3.6.tgz",
      "integrity": "sha512-DswjJyAXZnvESuImGNTvbNKvh1XApBVqU+r3UmrFFTAI23gv62byl0f5OFKWTNhCf66WQrd3sklpsCZc/4+jwA==",
      "dependencies": {
        "@peculiar/asn1-schema": "^2.3.6",
        "@peculiar/asn1-x509": "^2.3.6",
        "asn1js": "^3.0.5",
        "tslib": "^2.4.0"
      }
    },
    "node_modules/@peculiar/asn1-schema": {
      "version": "2.3.6",
      "resolved": "https://registry.npmjs.org/@peculiar/asn1-schema/-/asn1-schema-2.3.6.tgz",
      "integrity": "sha512-izNRxPoaeJeg/AyH8hER6s+H7p4itk+03QCa4sbxI3lNdseQYCuxzgsuNK8bTXChtLTjpJz6NmXKA73qLa3rCA==",
      "dependencies": {
        "asn1js": "^3.0.5",
        "pvtsutils": "^1.3.2",
        "tslib": "^2.4.0"
      }
    },
    "node_modules/@peculiar/asn1-x509": {
      "version": "2.3.6",
      "resolved": "https://registry.npmjs.org/@peculiar/asn1-x509/-/asn1-x509-2.3.6.tgz",
      "integrity": "sha512-dRwX31R1lcbIdzbztiMvLNTDoGptxdV7HocNx87LfKU0fEWh7fTWJjx4oV+glETSy6heF/hJHB2J4RGB3vVSYg==",
      "dependencies": {
        "@peculiar/asn1-schema": "^2.3.6",
        "asn1js": "^3.0.5",
        "ipaddr.js": "^2.0.1",
        "pvtsutils": "^1.3.2",
        "tslib": "^2.4.0"
      }
    },
    "node_modules/@peculiar/asn1-x509-attr": {
      "version": "2.3.6",
      "resolved": "https://registry.npmjs.org/@peculiar/asn1-x509-attr/-/asn1-x509-attr-2.3.6.tgz",
      "integrity": "sha512-x5Kax8xp3fz+JSc+4Sq0/SUXIdbJeOePibYqvjHMGkP6AoeCOVcP+gg7rZRRGkTlDSyQnAoUTgTEsfAfFEd1/g==",
      "dependencies": {
        "@peculiar/asn1-schema": "^2.3.6",
        "@peculiar/asn1-x509": "^2.3.6",
        "asn1js": "^3.0.5",
        "tslib": "^2.4.0"
      }
    },
    "node_modules/@peculiar/asn1-x509-logotype": {
      "version": "2.3.7",
      "resolved": "https://registry.npmjs.org/@peculiar/asn1-x509-logotype/-/asn1-x509-logotype-2.3.7.tgz",
      "integrity": "sha512-Kat0jRe4q5Ri5S3w3m9hqfOfLL6EXWBx3XB7oKaUgzJWVljpNBj7yGKtZ71fYHd85ABUfhpYGwjp7vl0JsofBw==",
      "dependencies": {
        "@peculiar/asn1-schema": "^2.3.6",
        "@peculiar/asn1-x509": "^2.3.6",
        "asn1js": "^3.0.5",
        "tslib": "^2.4.0"
      }
    },
    "node_modules/@peculiar/asn1-x509-microsoft": {
      "version": "2.3.6",
      "resolved": "https://registry.npmjs.org/@peculiar/asn1-x509-microsoft/-/asn1-x509-microsoft-2.3.6.tgz",
      "integrity": "sha512-AAaOG5Ztu6V0h6F5JVHSuSR5NtI+u5pee11OQ/Bdj+0ht81S6N7HJvD3pmc8J/QptQo1c8B5aptmZ833mxa2nA==",
      "dependencies": {
        "@peculiar/asn1-schema": "^2.3.6",
        "@peculiar/asn1-x509": "^2.3.6",
        "asn1js": "^3.0.5",
        "pvtsutils": "^1.3.2",
        "tslib": "^2.4.0"
      }
    },
    "node_modules/@peculiar/asn1-x509-netscape": {
      "version": "2.3.6",
      "resolved": "https://registry.npmjs.org/@peculiar/asn1-x509-netscape/-/asn1-x509-netscape-2.3.6.tgz",
      "integrity": "sha512-Ywz11BJMYK37L6eH2wkuYuPV9zUosEiz+5H4satl9fmSSK39zlsAXvs5ZhhJdXMUXL55vMgDZVEVv9+uGbrzxQ==",
      "dependencies": {
        "@peculiar/asn1-schema": "^2.3.6",
        "asn1js": "^3.0.5",
        "tslib": "^2.4.0"
      }
    },
    "node_modules/@peculiar/asn1-x509-post-quantum": {
      "version": "2.3.6",
      "resolved": "https://registry.npmjs.org/@peculiar/asn1-x509-post-quantum/-/asn1-x509-post-quantum-2.3.6.tgz",
      "integrity": "sha512-FHn3PXYIc825WVFHtEpvrRLTEPTPbCOlyH4xf85nAsxoA5n4r+EGjoDwOhEPzgxX9eAV0I3PR9d9lB0/EAF8ZQ==",
      "dependencies": {
        "@peculiar/asn1-asym-key": "^2.3.6",
        "@peculiar/asn1-schema": "^2.3.6",
        "@peculiar/asn1-x509": "^2.3.6",
        "asn1js": "^3.0.5",
        "tslib": "^2.4.0"
      }
    },
    "node_modules/@peculiar/asn1-x509-qualified": {
      "version": "2.3.6",
      "resolved": "https://registry.npmjs.org/@peculiar/asn1-x509-qualified/-/asn1-x509-qualified-2.3.6.tgz",
      "integrity": "sha512-Mk1D/FN+PDaD6ySdqdwBT0oJLastP/A9J7OlW0XQqbVaz3m+OE1aBOGIgSAcuq5phti0xpjEQ0EriTeduJJ7bw==",
      "dependencies": {
        "@peculiar/asn1-schema": "^2.3.6",
        "@peculiar/asn1-x509": "^2.3.6",
        "asn1js": "^3.0.5",
        "tslib": "^2.4.0"
      }
    },
    "node_modules/@peculiar/asn1-x509-qualified-etsi": {
      "version": "2.3.6",
      "resolved": "https://registry.npmjs.org/@peculiar/asn1-x509-qualified-etsi/-/asn1-x509-qualified-etsi-2.3.6.tgz",
      "integrity": "sha512-1IiSC2f2f7QvVCU7ecYwIQFCJw0nvsdY9llwCEnKDYYIShUUuXJr+rI7EPgAvmiqGIfWEvvCdY9tbfAIwOCSwQ==",
      "dependencies": {
        "@peculiar/asn1-schema": "^2.3.6",
        "asn1js": "^3.0.5",
        "tslib": "^2.4.0"
      }
    },
    "node_modules/@peculiar/certificates-viewer": {
      "version": "3.10.1",
      "resolved": "https://registry.npmjs.org/@peculiar/certificates-viewer/-/certificates-viewer-3.10.1.tgz",
      "integrity": "sha512-yCf+0Ip8L1k2JHOzepqO3eWutQcnyKN5JgtydhTpyKHjZ3d2M3EeZ6bs1kX4O7TsyAEBWGhu2RcONITDkST66g==",
      "dependencies": {
        "@peculiar/asn1-adobe-acrobat": "^2.3.6",
        "@peculiar/asn1-cert-transparency": "^2.3.6",
        "@peculiar/asn1-csr": "^2.3.6",
        "@peculiar/asn1-ecc": "^2.3.6",
        "@peculiar/asn1-lei": "^2.3.6",
        "@peculiar/asn1-ntqwac": "^2.3.6",
        "@peculiar/asn1-pkcs9": "^2.3.6",
        "@peculiar/asn1-rfc8226": "^2.3.6",
        "@peculiar/asn1-rsa": "^2.3.6",
        "@peculiar/asn1-schema": "^2.3.6",
        "@peculiar/asn1-x509": "^2.3.6",
        "@peculiar/asn1-x509-attr": "^2.3.6",
        "@peculiar/asn1-x509-logotype": "^2.3.6",
        "@peculiar/asn1-x509-microsoft": "^2.3.6",
        "@peculiar/asn1-x509-netscape": "^2.3.6",
        "@peculiar/asn1-x509-post-quantum": "^2.3.6",
        "@peculiar/asn1-x509-qualified": "^2.3.6",
        "@peculiar/asn1-x509-qualified-etsi": "^2.3.6",
        "dayjs": "^1.11.7",
        "pvtsutils": "^1.3.2"
      }
    },
    "node_modules/asn1js": {
      "version": "3.0.5",
      "resolved": "https://registry.npmjs.org/asn1js/-/asn1js-3.0.5.tgz",
      "integrity": "sha512-FVnvrKJwpt9LP2lAMl8qZswRNm3T4q9CON+bxldk2iwk3FFpuwhx2FfinyitizWHsVYyaY+y5JzDR0rCMV5yTQ==",
      "dependencies": {
        "pvtsutils": "^1.3.2",
        "pvutils": "^1.1.3",
        "tslib": "^2.4.0"
      },
      "engines": {
        "node": ">=12.0.0"
      }
    },
    "node_modules/bytestreamjs": {
      "version": "2.0.1",
      "resolved": "https://registry.npmjs.org/bytestreamjs/-/bytestreamjs-2.0.1.tgz",
      "integrity": "sha512-U1Z/ob71V/bXfVABvNr/Kumf5VyeQRBEm6Txb0PQ6S7V5GpBM3w4Cbqz/xPDicR5tN0uvDifng8C+5qECeGwyQ==",
      "engines": {
        "node": ">=6.0.0"
      }
    },
    "node_modules/chota": {
      "version": "0.9.2",
      "resolved": "https://registry.npmjs.org/chota/-/chota-0.9.2.tgz",
      "integrity": "sha512-DmCHT/R+yMr/aYQuokkJeNIjknSgpMpM9mR0tDlqPu8A+lGo9TS/KFPpze5Q9PPrCWenp/VG7Y10usyNDoIygQ=="
    },
    "node_modules/dayjs": {
      "version": "1.11.10",
      "resolved": "https://registry.npmjs.org/dayjs/-/dayjs-1.11.10.tgz",
      "integrity": "sha512-vjAczensTgRcqDERK0SR2XMwsF/tSvnvlv6VcF2GIhg6Sx4yOIt/irsr1RDJsKiIyBzJDpCoXiWWq28MqH2cnQ=="
    },
    "node_modules/esbuild": {
      "version": "0.19.5",
      "resolved": "https://registry.npmjs.org/esbuild/-/esbuild-0.19.5.tgz",
      "integrity": "sha512-bUxalY7b1g8vNhQKdB24QDmHeY4V4tw/s6Ak5z+jJX9laP5MoQseTOMemAr0gxssjNcH0MCViG8ONI2kksvfFQ==",
      "dev": true,
      "hasInstallScript": true,
      "bin": {
        "esbuild": "bin/esbuild"
      },
      "engines": {
        "node": ">=12"
      },
      "optionalDependencies": {
        "@esbuild/android-arm": "0.19.5",
        "@esbuild/android-arm64": "0.19.5",
        "@esbuild/android-x64": "0.19.5",
        "@esbuild/darwin-arm64": "0.19.5",
        "@esbuild/darwin-x64": "0.19.5",
        "@esbuild/freebsd-arm64": "0.19.5",
        "@esbuild/freebsd-x64": "0.19.5",
        "@esbuild/linux-arm": "0.19.5",
        "@esbuild/linux-arm64": "0.19.5",
        "@esbuild/linux-ia32": "0.19.5",
        "@esbuild/linux-loong64": "0.19.5",
        "@esbuild/linux-mips64el": "0.19.5",
        "@esbuild/linux-ppc64": "0.19.5",
        "@esbuild/linux-riscv64": "0.19.5",
        "@esbuild/linux-s390x": "0.19.5",
        "@esbuild/linux-x64": "0.19.5",
        "@esbuild/netbsd-x64": "0.19.5",
        "@esbuild/openbsd-x64": "0.19.5",
        "@esbuild/sunos-x64": "0.19.5",
        "@esbuild/win32-arm64": "0.19.5",
        "@esbuild/win32-ia32": "0.19.5",
        "@esbuild/win32-x64": "0.19.5"
      }
    },
    "node_modules/ipaddr.js": {
      "version": "2.1.0",
      "resolved": "https://registry.npmjs.org/ipaddr.js/-/ipaddr.js-2.1.0.tgz",
      "integrity": "sha512-LlbxQ7xKzfBusov6UMi4MFpEg0m+mAm9xyNGEduwXMEDuf4WfzB/RZwMVYEd7IKGvh4IUkEXYxtAVu9T3OelJQ==",
      "engines": {
        "node": ">= 10"
      }
    },
    "node_modules/pkijs": {
      "version": "3.0.15",
      "resolved": "https://registry.npmjs.org/pkijs/-/pkijs-3.0.15.tgz",
      "integrity": "sha512-n7nAl9JpqdeQsjy+rPmswkmZ3oO/Fu5uN9me45PPQVdWjd0X7HKfL8+HYwfxihqoDSSPUIajkOcqFxEUxMqhwQ==",
      "dependencies": {
        "asn1js": "^3.0.5",
        "bytestreamjs": "^2.0.0",
        "pvtsutils": "^1.3.2",
        "pvutils": "^1.1.3",
        "tslib": "^2.4.0"
      },
      "engines": {
        "node": ">=12.0.0"
      }
    },
    "node_modules/pvtsutils": {
      "version": "1.3.5",
      "resolved": "https://registry.npmjs.org/pvtsutils/-/pvtsutils-1.3.5.tgz",
      "integrity": "sha512-ARvb14YB9Nm2Xi6nBq1ZX6dAM0FsJnuk+31aUp4TrcZEdKUlSqOqsxJHUPJDNE3qiIp+iUPEIeR6Je/tgV7zsA==",
      "dependencies": {
        "tslib": "^2.6.1"
      }
    },
    "node_modules/pvutils": {
      "version": "1.1.3",
      "resolved": "https://registry.npmjs.org/pvutils/-/pvutils-1.1.3.tgz",
      "integrity": "sha512-pMpnA0qRdFp32b1sJl1wOJNxZLQ2cbQx+k6tjNtZ8CpvVhNqEPRgivZ2WOUev2YMajecdH7ctUPDvEe87nariQ==",
      "engines": {
        "node": ">=6.0.0"
      }
    },
    "node_modules/tslib": {
      "version": "2.6.2",
      "resolved": "https://registry.npmjs.org/tslib/-/tslib-2.6.2.tgz",
      "integrity": "sha512-AEYxH93jGFPn/a2iVAwW87VuUIkR1FVUKB77NwMF7nBTDkDrrT/Hpt/IrCJ0QXhW27jTBDcf5ZY7w6RiqTMw2Q=="
    },
    "node_modules/uuid": {
      "version": "9.0.1",
      "resolved": "https://registry.npmjs.org/uuid/-/uuid-9.0.1.tgz",
      "integrity": "sha512-b+1eJOlsR9K8HJpow9Ok3fiWOWSIcIzXodvv0rQjVoOVNpWMpxf1wZNpt4y9h10odCNrqnYp1OBzRktckBe3sA==",
      "funding": [
        "https://github.com/sponsors/broofa",
        "https://github.com/sponsors/ctavan"
      ],
      "bin": {
        "uuid": "dist/bin/uuid"
      }
    }
  }
}
